
Microsoft Visual Studio Solution File, Format Version 12.00
Project("{2150E333-8FDC-42A3-9474-1A3956D46DE8}") = "3.Sqs", "3.Sqs", "{AE28BEE1-B578-439A-B596-D991B9851F5A}"
EndProject
Project("{2150E333-8FDC-42A3-9474-1A3956D46DE8}") = "4.Sns", "4.Sns", "{BA648C25-CB9E-4FAA-AF91-86A37CCEA382}"
EndProject
Project("{2150E333-8FDC-42A3-9474-1A3956D46DE8}") = "5.DynamoDb", "5.DynamoDb", "{2C17779A-FD5B-4980-BEB0-4A19912178B7}"
EndProject
Project("{2150E333-8FDC-42A3-9474-1A3956D46DE8}") = "6.S3", "6.S3", "{6CC73189-9356-4EE7-B061-73D9395C30AC}"
EndProject
Project("{2150E333-8FDC-42A3-9474-1A3956D46DE8}") = "7.SecretsManager", "7.SecretsManager", "{8D27D9CA-8D14-4CD6-9827-A0837CFB03C3}"
EndProject
Project("{2150E333-8FDC-42A3-9474-1A3956D46DE8}") = "8.Lambda", "8.Lambda", "{DC84F474-F046-44B8-8D2E-BCE6A285FDF5}"
EndProject
Project("{FAE04EC0-301F-11D3-BF4B-00C04F79EFBC}") = "SqsPublisher", "3.Sqs\SqsPublisher\SqsPublisher.csproj", "{A0972106-571C-4EA5-99AC-F4CA95771978}"
EndProject
Project("{FAE04EC0-301F-11D3-BF4B-00C04F79EFBC}") = "SqsConsumer", "3.Sqs\SqsConsumer\SqsConsumer.csproj", "{FCBF8989-2EE7-4C68-B220-59D95F339B4A}"
EndProject
Project("{FAE04EC0-301F-11D3-BF4B-00C04F79EFBC}") = "Customers.Api", "3.Sqs\Customers.Api\Customers.Api.csproj", "{F2B6A720-E1C5-4DEB-B1DD-1B808B833B92}"
EndProject
Project("{FAE04EC0-301F-11D3-BF4B-00C04F79EFBC}") = "Customers.Consumer", "3.Sqs\Customers.Consumer\Customers.Consumer.csproj", "{9DBE33EF-63FD-4CDC-82B3-3C39F6F7A538}"
EndProject
Project("{FAE04EC0-301F-11D3-BF4B-00C04F79EFBC}") = "SnsPublisher", "4.Sns\SnsPublisher\SnsPublisher.csproj", "{48E48C8D-CD7A-4759-A14C-193305FB1091}"
EndProject
Project("{FAE04EC0-301F-11D3-BF4B-00C04F79EFBC}") = "SqsConsumer", "4.Sns\SqsConsumer\SqsConsumer.csproj", "{7C2342AC-AF55-4A1C-989B-8E0152674EA7}"
EndProject
Project("{FAE04EC0-301F-11D3-BF4B-00C04F79EFBC}") = "Customers.Consumer", "4.Sns\Customers.Consumer\Customers.Consumer.csproj", "{45E1B6B0-DA1D-488B-B35E-3512F94F1DEF}"
EndProject
Project("{FAE04EC0-301F-11D3-BF4B-00C04F79EFBC}") = "Customers.Api", "4.Sns\Customers.Api\Customers.Api.csproj", "{239258EE-96A3-4341-906F-E4305B7B264D}"
EndProject
Project("{FAE04EC0-301F-11D3-BF4B-00C04F79EFBC}") = "Customers.Api", "5.DynamoDb\Customers.Api\Customers.Api.csproj", "{872AC2C0-5A79-4244-9CFB-108C77C20B3D}"
EndProject
Project("{FAE04EC0-301F-11D3-BF4B-00C04F79EFBC}") = "Customers.Consumer", "5.DynamoDb\Customers.Consumer\Customers.Consumer.csproj", "{C60CF135-9577-4EA3-8468-8C33C12F2CF6}"
EndProject
Project("{FAE04EC0-301F-11D3-BF4B-00C04F79EFBC}") = "Movies.App", "5.DynamoDb\Movies.App\Movies.App.csproj", "{BD326CDA-ED62-404D-8183-1F37341825C1}"
EndProject
Project("{FAE04EC0-301F-11D3-BF4B-00C04F79EFBC}") = "S3Playground", "6.S3\S3Playground\S3Playground.csproj", "{EDFA3801-8DB2-4265-83D4-73FF3EF7C324}"
EndProject
Project("{FAE04EC0-301F-11D3-BF4B-00C04F79EFBC}") = "Customers.Api", "6.S3\Customers.Api\Customers.Api.csproj", "{6CAD039E-CF23-46BC-B946-B1FE458A4492}"
EndProject
Project("{FAE04EC0-301F-11D3-BF4B-00C04F79EFBC}") = "SecretsManager.App", "7.SecretsManager\SecretsManager.App\SecretsManager.App.csproj", "{26CD25FF-DD3D-4104-AF07-9D0A38E66D59}"
EndProject
Project("{FAE04EC0-301F-11D3-BF4B-00C04F79EFBC}") = "Weather.Api", "7.SecretsManager\Weather.Api\Weather.Api.csproj", "{0D5F1722-BEC0-441D-81AF-B9FD2C5408B9}"
EndProject
Project("{FAE04EC0-301F-11D3-BF4B-00C04F79EFBC}") = "SimpleApiLambda", "8.Lambda\SimpleApiLambda\SimpleApiLambda.csproj", "{E9F5283D-2AC3-4F9F-8910-3EA8BDD629EA}"
EndProject
Project("{FAE04EC0-301F-11D3-BF4B-00C04F79EFBC}") = "SimpleCustomLambda", "8.Lambda\SimpleCustomLambda\SimpleCustomLambda.csproj", "{7C7C0DA2-8814-4201-BAD7-CE0983F9C6D3}"
EndProject
Project("{FAE04EC0-301F-11D3-BF4B-00C04F79EFBC}") = "SimpleDynamoDbLambda", "8.Lambda\SimpleDynamoDbLambda\SimpleDynamoDbLambda.csproj", "{FA248B61-9D6F-4D74-BB2F-3F2783B1B22F}"
EndProject
Project("{FAE04EC0-301F-11D3-BF4B-00C04F79EFBC}") = "SimpleHttpLambda", "8.Lambda\SimpleHttpLambda\SimpleHttpLambda.csproj", "{21B4FF7B-E3D6-4843-ACB3-E2286F7FF463}"
EndProject
Project("{FAE04EC0-301F-11D3-BF4B-00C04F79EFBC}") = "SimpleLambda", "8.Lambda\SimpleLambda\SimpleLambda.csproj", "{56B13AEA-D0D3-4C22-99D1-F83B51D94E9B}"
EndProject
Project("{FAE04EC0-301F-11D3-BF4B-00C04F79EFBC}") = "SimpleS3Lambda", "8.Lambda\SimpleS3Lambda\SimpleS3Lambda.csproj", "{EE9E5E6F-AC84-44F1-B9BD-E54C4CA411A5}"
EndProject
Project("{FAE04EC0-301F-11D3-BF4B-00C04F79EFBC}") = "SimpleSnsLambda", "8.Lambda\SimpleSnsLambda\SimpleSnsLambda.csproj", "{A16748CC-1CA0-4179-AEA2-CEBF84A630B2}"
EndProject
Project("{FAE04EC0-301F-11D3-BF4B-00C04F79EFBC}") = "SimpleSqsLambda", "8.Lambda\SimpleSqsLambda\SimpleSqsLambda.csproj", "{803BA038-5524-4392-B46D-F4FCC547E917}"
EndProject
Global
	GlobalSection(SolutionConfigurationPlatforms) = preSolution
		Debug|Any CPU = Debug|Any CPU
		Release|Any CPU = Release|Any CPU
	EndGlobalSection
	GlobalSection(NestedProjects) = preSolution
		{A0972106-571C-4EA5-99AC-F4CA95771978} = {AE28BEE1-B578-439A-B596-D991B9851F5A}
		{FCBF8989-2EE7-4C68-B220-59D95F339B4A} = {AE28BEE1-B578-439A-B596-D991B9851F5A}
		{F2B6A720-E1C5-4DEB-B1DD-1B808B833B92} = {AE28BEE1-B578-439A-B596-D991B9851F5A}
		{9DBE33EF-63FD-4CDC-82B3-3C39F6F7A538} = {AE28BEE1-B578-439A-B596-D991B9851F5A}
		{48E48C8D-CD7A-4759-A14C-193305FB1091} = {BA648C25-CB9E-4FAA-AF91-86A37CCEA382}
		{7C2342AC-AF55-4A1C-989B-8E0152674EA7} = {BA648C25-CB9E-4FAA-AF91-86A37CCEA382}
		{45E1B6B0-DA1D-488B-B35E-3512F94F1DEF} = {BA648C25-CB9E-4FAA-AF91-86A37CCEA382}
		{239258EE-96A3-4341-906F-E4305B7B264D} = {BA648C25-CB9E-4FAA-AF91-86A37CCEA382}
		{872AC2C0-5A79-4244-9CFB-108C77C20B3D} = {2C17779A-FD5B-4980-BEB0-4A19912178B7}
		{C60CF135-9577-4EA3-8468-8C33C12F2CF6} = {2C17779A-FD5B-4980-BEB0-4A19912178B7}
		{BD326CDA-ED62-404D-8183-1F37341825C1} = {2C17779A-FD5B-4980-BEB0-4A19912178B7}
		{EDFA3801-8DB2-4265-83D4-73FF3EF7C324} = {6CC73189-9356-4EE7-B061-73D9395C30AC}
		{6CAD039E-CF23-46BC-B946-B1FE458A4492} = {6CC73189-9356-4EE7-B061-73D9395C30AC}
		{26CD25FF-DD3D-4104-AF07-9D0A38E66D59} = {8D27D9CA-8D14-4CD6-9827-A0837CFB03C3}
		{0D5F1722-BEC0-441D-81AF-B9FD2C5408B9} = {8D27D9CA-8D14-4CD6-9827-A0837CFB03C3}
		{E9F5283D-2AC3-4F9F-8910-3EA8BDD629EA} = {DC84F474-F046-44B8-8D2E-BCE6A285FDF5}
		{7C7C0DA2-8814-4201-BAD7-CE0983F9C6D3} = {DC84F474-F046-44B8-8D2E-BCE6A285FDF5}
		{FA248B61-9D6F-4D74-BB2F-3F2783B1B22F} = {DC84F474-F046-44B8-8D2E-BCE6A285FDF5}
		{21B4FF7B-E3D6-4843-ACB3-E2286F7FF463} = {DC84F474-F046-44B8-8D2E-BCE6A285FDF5}
		{56B13AEA-D0D3-4C22-99D1-F83B51D94E9B} = {DC84F474-F046-44B8-8D2E-BCE6A285FDF5}
		{EE9E5E6F-AC84-44F1-B9BD-E54C4CA411A5} = {DC84F474-F046-44B8-8D2E-BCE6A285FDF5}
		{A16748CC-1CA0-4179-AEA2-CEBF84A630B2} = {DC84F474-F046-44B8-8D2E-BCE6A285FDF5}
		{803BA038-5524-4392-B46D-F4FCC547E917} = {DC84F474-F046-44B8-8D2E-BCE6A285FDF5}
	EndGlobalSection
	GlobalSection(ProjectConfigurationPlatforms) = postSolution
		{A0972106-571C-4EA5-99AC-F4CA95771978}.Debug|Any CPU.ActiveCfg = Debug|Any CPU
		{A0972106-571C-4EA5-99AC-F4CA95771978}.Debug|Any CPU.Build.0 = Debug|Any CPU
		{A0972106-571C-4EA5-99AC-F4CA95771978}.Release|Any CPU.ActiveCfg = Release|Any CPU
		{A0972106-571C-4EA5-99AC-F4CA95771978}.Release|Any CPU.Build.0 = Release|Any CPU
		{FCBF8989-2EE7-4C68-B220-59D95F339B4A}.Debug|Any CPU.ActiveCfg = Debug|Any CPU
		{FCBF8989-2EE7-4C68-B220-59D95F339B4A}.Debug|Any CPU.Build.0 = Debug|Any CPU
		{FCBF8989-2EE7-4C68-B220-59D95F339B4A}.Release|Any CPU.ActiveCfg = Release|Any CPU
		{FCBF8989-2EE7-4C68-B220-59D95F339B4A}.Release|Any CPU.Build.0 = Release|Any CPU
		{F2B6A720-E1C5-4DEB-B1DD-1B808B833B92}.Debug|Any CPU.ActiveCfg = Debug|Any CPU
		{F2B6A720-E1C5-4DEB-B1DD-1B808B833B92}.Debug|Any CPU.Build.0 = Debug|Any CPU
		{F2B6A720-E1C5-4DEB-B1DD-1B808B833B92}.Release|Any CPU.ActiveCfg = Release|Any CPU
		{F2B6A720-E1C5-4DEB-B1DD-1B808B833B92}.Release|Any CPU.Build.0 = Release|Any CPU
		{9DBE33EF-63FD-4CDC-82B3-3C39F6F7A538}.Debug|Any CPU.ActiveCfg = Debug|Any CPU
		{9DBE33EF-63FD-4CDC-82B3-3C39F6F7A538}.Debug|Any CPU.Build.0 = Debug|Any CPU
		{9DBE33EF-63FD-4CDC-82B3-3C39F6F7A538}.Release|Any CPU.ActiveCfg = Release|Any CPU
		{9DBE33EF-63FD-4CDC-82B3-3C39F6F7A538}.Release|Any CPU.Build.0 = Release|Any CPU
		{48E48C8D-CD7A-4759-A14C-193305FB1091}.Debug|Any CPU.ActiveCfg = Debug|Any CPU
		{48E48C8D-CD7A-4759-A14C-193305FB1091}.Debug|Any CPU.Build.0 = Debug|Any CPU
		{48E48C8D-CD7A-4759-A14C-193305FB1091}.Release|Any CPU.ActiveCfg = Release|Any CPU
		{48E48C8D-CD7A-4759-A14C-193305FB1091}.Release|Any CPU.Build.0 = Release|Any CPU
		{7C2342AC-AF55-4A1C-989B-8E0152674EA7}.Debug|Any CPU.ActiveCfg = Debug|Any CPU
		{7C2342AC-AF55-4A1C-989B-8E0152674EA7}.Debug|Any CPU.Build.0 = Debug|Any CPU
		{7C2342AC-AF55-4A1C-989B-8E0152674EA7}.Release|Any CPU.ActiveCfg = Release|Any CPU
		{7C2342AC-AF55-4A1C-989B-8E0152674EA7}.Release|Any CPU.Build.0 = Release|Any CPU
		{45E1B6B0-DA1D-488B-B35E-3512F94F1DEF}.Debug|Any CPU.ActiveCfg = Debug|Any CPU
		{45E1B6B0-DA1D-488B-B35E-3512F94F1DEF}.Debug|Any CPU.Build.0 = Debug|Any CPU
		{45E1B6B0-DA1D-488B-B35E-3512F94F1DEF}.Release|Any CPU.ActiveCfg = Release|Any CPU
		{45E1B6B0-DA1D-488B-B35E-3512F94F1DEF}.Release|Any CPU.Build.0 = Release|Any CPU
		{239258EE-96A3-4341-906F-E4305B7B264D}.Debug|Any CPU.ActiveCfg = Debug|Any CPU
		{239258EE-96A3-4341-906F-E4305B7B264D}.Debug|Any CPU.Build.0 = Debug|Any CPU
		{239258EE-96A3-4341-906F-E4305B7B264D}.Release|Any CPU.ActiveCfg = Release|Any CPU
		{239258EE-96A3-4341-906F-E4305B7B264D}.Release|Any CPU.Build.0 = Release|Any CPU
		{872AC2C0-5A79-4244-9CFB-108C77C20B3D}.Debug|Any CPU.ActiveCfg = Debug|Any CPU
		{872AC2C0-5A79-4244-9CFB-108C77C20B3D}.Debug|Any CPU.Build.0 = Debug|Any CPU
		{872AC2C0-5A79-4244-9CFB-108C77C20B3D}.Release|Any CPU.ActiveCfg = Release|Any CPU
		{872AC2C0-5A79-4244-9CFB-108C77C20B3D}.Release|Any CPU.Build.0 = Release|Any CPU
		{C60CF135-9577-4EA3-8468-8C33C12F2CF6}.Debug|Any CPU.ActiveCfg = Debug|Any CPU
		{C60CF135-9577-4EA3-8468-8C33C12F2CF6}.Debug|Any CPU.Build.0 = Debug|Any CPU
		{C60CF135-9577-4EA3-8468-8C33C12F2CF6}.Release|Any CPU.ActiveCfg = Release|Any CPU
		{C60CF135-9577-4EA3-8468-8C33C12F2CF6}.Release|Any CPU.Build.0 = Release|Any CPU
		{BD326CDA-ED62-404D-8183-1F37341825C1}.Debug|Any CPU.ActiveCfg = Debug|Any CPU
		{BD326CDA-ED62-404D-8183-1F37341825C1}.Debug|Any CPU.Build.0 = Debug|Any CPU
		{BD326CDA-ED62-404D-8183-1F37341825C1}.Release|Any CPU.ActiveCfg = Release|Any CPU
		{BD326CDA-ED62-404D-8183-1F37341825C1}.Release|Any CPU.Build.0 = Release|Any CPU
		{EDFA3801-8DB2-4265-83D4-73FF3EF7C324}.Debug|Any CPU.ActiveCfg = Debug|Any CPU
		{EDFA3801-8DB2-4265-83D4-73FF3EF7C324}.Debug|Any CPU.Build.0 = Debug|Any CPU
		{EDFA3801-8DB2-4265-83D4-73FF3EF7C324}.Release|Any CPU.ActiveCfg = Release|Any CPU
		{EDFA3801-8DB2-4265-83D4-73FF3EF7C324}.Release|Any CPU.Build.0 = Release|Any CPU
		{6CAD039E-CF23-46BC-B946-B1FE458A4492}.Debug|Any CPU.ActiveCfg = Debug|Any CPU
		{6CAD039E-CF23-46BC-B946-B1FE458A4492}.Debug|Any CPU.Build.0 = Debug|Any CPU
		{6CAD039E-CF23-46BC-B946-B1FE458A4492}.Release|Any CPU.ActiveCfg = Release|Any CPU
		{6CAD039E-CF23-46BC-B946-B1FE458A4492}.Release|Any CPU.Build.0 = Release|Any CPU
		{26CD25FF-DD3D-4104-AF07-9D0A38E66D59}.Debug|Any CPU.ActiveCfg = Debug|Any CPU
		{26CD25FF-DD3D-4104-AF07-9D0A38E66D59}.Debug|Any CPU.Build.0 = Debug|Any CPU
		{26CD25FF-DD3D-4104-AF07-9D0A38E66D59}.Release|Any CPU.ActiveCfg = Release|Any CPU
		{26CD25FF-DD3D-4104-AF07-9D0A38E66D59}.Release|Any CPU.Build.0 = Release|Any CPU
		{0D5F1722-BEC0-441D-81AF-B9FD2C5408B9}.Debug|Any CPU.ActiveCfg = Debug|Any CPU
		{0D5F1722-BEC0-441D-81AF-B9FD2C5408B9}.Debug|Any CPU.Build.0 = Debug|Any CPU
		{0D5F1722-BEC0-441D-81AF-B9FD2C5408B9}.Release|Any CPU.ActiveCfg = Release|Any CPU
		{0D5F1722-BEC0-441D-81AF-B9FD2C5408B9}.Release|Any CPU.Build.0 = Release|Any CPU
		{E9F5283D-2AC3-4F9F-8910-3EA8BDD629EA}.Debug|Any CPU.ActiveCfg = Debug|Any CPU
		{E9F5283D-2AC3-4F9F-8910-3EA8BDD629EA}.Debug|Any CPU.Build.0 = Debug|Any CPU
		{E9F5283D-2AC3-4F9F-8910-3EA8BDD629EA}.Release|Any CPU.ActiveCfg = Release|Any CPU
		{E9F5283D-2AC3-4F9F-8910-3EA8BDD629EA}.Release|Any CPU.Build.0 = Release|Any CPU
		{7C7C0DA2-8814-4201-BAD7-CE0983F9C6D3}.Debug|Any CPU.ActiveCfg = Debug|Any CPU
		{7C7C0DA2-8814-4201-BAD7-CE0983F9C6D3}.Debug|Any CPU.Build.0 = Debug|Any CPU
		{7C7C0DA2-8814-4201-BAD7-CE0983F9C6D3}.Release|Any CPU.ActiveCfg = Release|Any CPU
		{7C7C0DA2-8814-4201-BAD7-CE0983F9C6D3}.Release|Any CPU.Build.0 = Release|Any CPU
		{FA248B61-9D6F-4D74-BB2F-3F2783B1B22F}.Debug|Any CPU.ActiveCfg = Debug|Any CPU
		{FA248B61-9D6F-4D74-BB2F-3F2783B1B22F}.Debug|Any CPU.Build.0 = Debug|Any CPU
		{FA248B61-9D6F-4D74-BB2F-3F2783B1B22F}.Release|Any CPU.ActiveCfg = Release|Any CPU
		{FA248B61-9D6F-4D74-BB2F-3F2783B1B22F}.Release|Any CPU.Build.0 = Release|Any CPU
		{21B4FF7B-E3D6-4843-ACB3-E2286F7FF463}.Debug|Any CPU.ActiveCfg = Debug|Any CPU
		{21B4FF7B-E3D6-4843-ACB3-E2286F7FF463}.Debug|Any CPU.Build.0 = Debug|Any CPU
		{21B4FF7B-E3D6-4843-ACB3-E2286F7FF463}.Release|Any CPU.ActiveCfg = Release|Any CPU
		{21B4FF7B-E3D6-4843-ACB3-E2286F7FF463}.Release|Any CPU.Build.0 = Release|Any CPU
		{56B13AEA-D0D3-4C22-99D1-F83B51D94E9B}.Debug|Any CPU.ActiveCfg = Debug|Any CPU
		{56B13AEA-D0D3-4C22-99D1-F83B51D94E9B}.Debug|Any CPU.Build.0 = Debug|Any CPU
		{56B13AEA-D0D3-4C22-99D1-F83B51D94E9B}.Release|Any CPU.ActiveCfg = Release|Any CPU
		{56B13AEA-D0D3-4C22-99D1-F83B51D94E9B}.Release|Any CPU.Build.0 = Release|Any CPU
		{EE9E5E6F-AC84-44F1-B9BD-E54C4CA411A5}.Debug|Any CPU.ActiveCfg = Debug|Any CPU
		{EE9E5E6F-AC84-44F1-B9BD-E54C4CA411A5}.Debug|Any CPU.Build.0 = Debug|Any CPU
		{EE9E5E6F-AC84-44F1-B9BD-E54C4CA411A5}.Release|Any CPU.ActiveCfg = Release|Any CPU
		{EE9E5E6F-AC84-44F1-B9BD-E54C4CA411A5}.Release|Any CPU.Build.0 = Release|Any CPU
		{A16748CC-1CA0-4179-AEA2-CEBF84A630B2}.Debug|Any CPU.ActiveCfg = Debug|Any CPU
		{A16748CC-1CA0-4179-AEA2-CEBF84A630B2}.Debug|Any CPU.Build.0 = Debug|Any CPU
		{A16748CC-1CA0-4179-AEA2-CEBF84A630B2}.Release|Any CPU.ActiveCfg = Release|Any CPU
		{A16748CC-1CA0-4179-AEA2-CEBF84A630B2}.Release|Any CPU.Build.0 = Release|Any CPU
		{803BA038-5524-4392-B46D-F4FCC547E917}.Debug|Any CPU.ActiveCfg = Debug|Any CPU
		{803BA038-5524-4392-B46D-F4FCC547E917}.Debug|Any CPU.Build.0 = Debug|Any CPU
		{803BA038-5524-4392-B46D-F4FCC547E917}.Release|Any CPU.ActiveCfg = Release|Any CPU
		{803BA038-5524-4392-B46D-F4FCC547E917}.Release|Any CPU.Build.0 = Release|Any CPU
	EndGlobalSection
EndGlobal
